
Microsoft Visual Studio Solution File, Format Version 12.00
# Visual Studio Version 17
VisualStudioVersion = 17.13.35825.156
MinimumVisualStudioVersion = 10.0.40219.1
Project("{2150E333-8FDC-42A3-9474-1A3956D46DE8}") = "Services", "Services", "{02EA681E-C7D8-13C7-8484-4AC65E1B71E8}"
EndProject
Project("{2150E333-8FDC-42A3-9474-1A3956D46DE8}") = "IdentityServer", "IdentityServer", "{2A5D03BF-6B19-4F3F-BC4C-83BAC5AE50C1}"
EndProject
Project("{2150E333-8FDC-42A3-9474-1A3956D46DE8}") = "Requirements", "Requirements", "{E04B6850-A4AA-49BB-9084-B782C12C6F5D}"
	ProjectSection(SolutionItems) = preProject
		access token ve refresh token nedir.txt = access token ve refresh token nedir.txt
		font-awesome link.txt = font-awesome link.txt
		identity-server-version-error-solution.txt = identity-server-version-error-solution.txt
		ocelot-link.txt = ocelot-link.txt
		ocelot-sample-jsons.txt = ocelot-sample-jsons.txt
		port-numbers.txt = port-numbers.txt
		portainer-cmd.txt = portainer-cmd.txt
		sample-users.txt = sample-users.txt
		simple-code.txt = simple-code.txt
	EndProjectSection
EndProject
Project("{FAE04EC0-301F-11D3-BF4B-00C04F79EFBC}") = "MultiShop.IdentityServer", "IdentityServer\MultiShop.IdentityServer\MultiShop.IdentityServer.csproj", "{EA14094F-FB55-5ABC-1402-B4229C4AD0B1}"
EndProject
Project("{2150E333-8FDC-42A3-9474-1A3956D46DE8}") = "Catalog", "Catalog", "{567B5466-2379-4935-89FA-C71B2031EC42}"
EndProject
Project("{2150E333-8FDC-42A3-9474-1A3956D46DE8}") = "Discount", "Discount", "{468959D0-CD94-4023-BD85-DF71B1F9A70B}"
EndProject
Project("{2150E333-8FDC-42A3-9474-1A3956D46DE8}") = "Order", "Order", "{4EE97816-BFF6-4754-94CE-9FE3382B75D3}"
EndProject
Project("{2150E333-8FDC-42A3-9474-1A3956D46DE8}") = "Infrastructure", "Infrastructure", "{B6191197-AEF0-4579-B474-3A1BDD28C60D}"
EndProject
Project("{2150E333-8FDC-42A3-9474-1A3956D46DE8}") = "Core", "Core", "{2A6EFFF7-7C65-4DF5-8A11-771A89C3D504}"
EndProject
Project("{2150E333-8FDC-42A3-9474-1A3956D46DE8}") = "Presentation", "Presentation", "{1586B124-FAA3-4D58-A087-750CA2C1CA54}"
EndProject
Project("{2150E333-8FDC-42A3-9474-1A3956D46DE8}") = "Cargo", "Cargo", "{A31284D2-37C8-4A83-9B39-2C6782DB675E}"
EndProject
Project("{FAE04EC0-301F-11D3-BF4B-00C04F79EFBC}") = "MultiShop.Cargo.EntityLayer", "Services\Cargo\MultiShop.Cargo.EntityLayer\MultiShop.Cargo.EntityLayer.csproj", "{3EA22076-7D27-4D50-B136-E42CFAB4D171}"
EndProject
Project("{FAE04EC0-301F-11D3-BF4B-00C04F79EFBC}") = "MultiShop.Cargo.BusinnessLayer", "Services\Cargo\MultiShop.Cargo.BusinnessLayer\MultiShop.Cargo.BusinnessLayer.csproj", "{27135A54-8D1E-48E6-B874-80DB82B5D6F7}"
EndProject
Project("{FAE04EC0-301F-11D3-BF4B-00C04F79EFBC}") = "MultiShop.Cargo.WebApi", "Services\Cargo\MultiShop.Cargo.WebApi\MultiShop.Cargo.WebApi.csproj", "{51D90715-33AD-4977-83A7-C4662D6B5A85}"
EndProject
Project("{FAE04EC0-301F-11D3-BF4B-00C04F79EFBC}") = "MultiShop.Cargo.DataAccessLayer", "Services\Cargo\MultiShop.Cargo.DataAccessLayer\MultiShop.Cargo.DataAccessLayer.csproj", "{50C43A18-CF5C-49AA-B8BD-09CC141DCFF2}"
EndProject
Project("{FAE04EC0-301F-11D3-BF4B-00C04F79EFBC}") = "MultiShop.Cargo.DtoLayer", "Services\Cargo\MultiShop.Cargo.DtoLayer\MultiShop.Cargo.DtoLayer.csproj", "{7B6A31A5-A9CA-4605-8694-580E7E62DA98}"
EndProject
Project("{2150E333-8FDC-42A3-9474-1A3956D46DE8}") = "Basket", "Basket", "{B04517A2-23E2-49F7-A530-3891DCC859A4}"
EndProject
Project("{2150E333-8FDC-42A3-9474-1A3956D46DE8}") = "Frontends", "Frontends", "{F7D81FFD-CED4-4372-818A-82E552AD9DBD}"
EndProject
Project("{FAE04EC0-301F-11D3-BF4B-00C04F79EFBC}") = "MultiShop.WebUi", "Frontends\MultiShop.WebUi\MultiShop.WebUi.csproj", "{C7793CCF-7461-4A3B-9485-31D463616472}"
EndProject
Project("{FAE04EC0-301F-11D3-BF4B-00C04F79EFBC}") = "MultiShop.DtoLayer", "Frontends\MultiShop.DtoLayer\MultiShop.DtoLayer.csproj", "{E6E1A13B-5430-43AF-864D-7BDA94F3CF0C}"
EndProject
Project("{2150E333-8FDC-42A3-9474-1A3956D46DE8}") = "Comment", "Comment", "{F7D63776-4E7D-4824-8E42-728ED9DE5FF2}"
EndProject
Project("{FAE04EC0-301F-11D3-BF4B-00C04F79EFBC}") = "MultiShop.Comment", "Services\Comment\MultiShop.Comment\MultiShop.Comment.csproj", "{F8D7EFE7-7F89-4123-821F-19E29C065206}"
EndProject
Project("{2150E333-8FDC-42A3-9474-1A3956D46DE8}") = "ApiGateway", "ApiGateway", "{1ABD799D-4242-4290-BC28-622BB7D30A56}"
EndProject
Project("{2150E333-8FDC-42A3-9474-1A3956D46DE8}") = "RapidApi", "RapidApi", "{19A1829B-C6B5-4642-9758-6E28F2AE615D}"
EndProject
Project("{FAE04EC0-301F-11D3-BF4B-00C04F79EFBC}") = "MultiShop.Ocelot", "ApiGateWay\MultiShop.Ocelot\MultiShop.Ocelot.csproj", "{24AF9581-A7DB-4F3F-B5C4-5A5618DF2B5E}"
EndProject
Project("{2150E333-8FDC-42A3-9474-1A3956D46DE8}") = "Image", "Image", "{14A48B4B-0FAD-484E-A200-909DBED453AE}"
EndProject
Project("{2150E333-8FDC-42A3-9474-1A3956D46DE8}") = "Payment", "Payment", "{E0135582-ECA2-464C-BC1D-25145A813ACE}"
EndProject
Project("{FAE04EC0-301F-11D3-BF4B-00C04F79EFBC}") = "MultiShop.Payment", "Payment\MultiShop.Payment\MultiShop.Payment.csproj", "{4C4237B9-7620-458F-AE90-6132DB137956}"
EndProject
Project("{FAE04EC0-301F-11D3-BF4B-00C04F79EFBC}") = "MultiShop.Discount", "Services\Discount\MultiShop.Discount\MultiShop.Discount.csproj", "{92A0B6FA-A343-5977-7E28-7DD02FB1CC6E}"
EndProject
Project("{FAE04EC0-301F-11D3-BF4B-00C04F79EFBC}") = "MultiShop.Basket", "Services\Basket\MultiShop.Basket\MultiShop.Basket.csproj", "{2A06DABD-4FBC-9B20-1929-045CEECE4499}"
EndProject
Project("{FAE04EC0-301F-11D3-BF4B-00C04F79EFBC}") = "MultiShop.Catalog", "Services\Catalog\MultiShop.Catalog\MultiShop.Catalog.csproj", "{25C5971A-97D3-56EC-AC4D-FEF0E4BCC4B7}"
EndProject
Project("{FAE04EC0-301F-11D3-BF4B-00C04F79EFBC}") = "MultiShop.Image", "Services\Image\MultiShop.Image\MultiShop.Image.csproj", "{BC62431B-325D-1BB0-F3CA-635ED248B89E}"
EndProject
Project("{FAE04EC0-301F-11D3-BF4B-00C04F79EFBC}") = "MultiShop.Order.Application", "Services\Order\Core\MultiShop.Order.Application\MultiShop.Order.Application.csproj", "{47092AEB-0AF8-8234-57D6-D8563B2AAA47}"
EndProject
Project("{FAE04EC0-301F-11D3-BF4B-00C04F79EFBC}") = "MultiShop.Order.Domain", "Services\Order\Core\MultiShop.Order.Domain\MultiShop.Order.Domain.csproj", "{3347798D-F843-8C19-FFC9-2EB29AA8900C}"
EndProject
Project("{FAE04EC0-301F-11D3-BF4B-00C04F79EFBC}") = "MultiShop.Order.Persistence", "Services\Order\Infrastructure\MultiShop.Order.Persistence\MultiShop.Order.Persistence.csproj", "{F5AE4121-A77C-482E-DAE7-D69CB7039C14}"
EndProject
Project("{FAE04EC0-301F-11D3-BF4B-00C04F79EFBC}") = "MultiShop.Order.WebApi", "Services\Order\Presentation\MultiShop.Order.WebApi\MultiShop.Order.WebApi.csproj", "{43E1506E-376C-0810-F28A-FD01CD1AC033}"
EndProject
Project("{2150E333-8FDC-42A3-9474-1A3956D46DE8}") = "Message", "Message", "{6F10DCFC-38B3-47E9-9726-93D1512E3DA8}"
EndProject
Project("{FAE04EC0-301F-11D3-BF4B-00C04F79EFBC}") = "MultiShop.Message", "Services\Message\MultiShop.Message\MultiShop.Message.csproj", "{24E5AFB8-6AD5-433E-B218-F17F7CFF48EB}"
EndProject
Global
	GlobalSection(SolutionConfigurationPlatforms) = preSolution
		Debug|Any CPU = Debug|Any CPU
		Release|Any CPU = Release|Any CPU
	EndGlobalSection
	GlobalSection(ProjectConfigurationPlatforms) = postSolution
		{EA14094F-FB55-5ABC-1402-B4229C4AD0B1}.Debug|Any CPU.ActiveCfg = Debug|Any CPU
		{EA14094F-FB55-5ABC-1402-B4229C4AD0B1}.Debug|Any CPU.Build.0 = Debug|Any CPU
		{EA14094F-FB55-5ABC-1402-B4229C4AD0B1}.Release|Any CPU.ActiveCfg = Release|Any CPU
		{EA14094F-FB55-5ABC-1402-B4229C4AD0B1}.Release|Any CPU.Build.0 = Release|Any CPU
		{3EA22076-7D27-4D50-B136-E42CFAB4D171}.Debug|Any CPU.ActiveCfg = Debug|Any CPU
		{3EA22076-7D27-4D50-B136-E42CFAB4D171}.Debug|Any CPU.Build.0 = Debug|Any CPU
		{3EA22076-7D27-4D50-B136-E42CFAB4D171}.Release|Any CPU.ActiveCfg = Release|Any CPU
		{3EA22076-7D27-4D50-B136-E42CFAB4D171}.Release|Any CPU.Build.0 = Release|Any CPU
		{27135A54-8D1E-48E6-B874-80DB82B5D6F7}.Debug|Any CPU.ActiveCfg = Debug|Any CPU
		{27135A54-8D1E-48E6-B874-80DB82B5D6F7}.Debug|Any CPU.Build.0 = Debug|Any CPU
		{27135A54-8D1E-48E6-B874-80DB82B5D6F7}.Release|Any CPU.ActiveCfg = Release|Any CPU
		{27135A54-8D1E-48E6-B874-80DB82B5D6F7}.Release|Any CPU.Build.0 = Release|Any CPU
		{51D90715-33AD-4977-83A7-C4662D6B5A85}.Debug|Any CPU.ActiveCfg = Debug|Any CPU
		{51D90715-33AD-4977-83A7-C4662D6B5A85}.Debug|Any CPU.Build.0 = Debug|Any CPU
		{51D90715-33AD-4977-83A7-C4662D6B5A85}.Release|Any CPU.ActiveCfg = Release|Any CPU
		{51D90715-33AD-4977-83A7-C4662D6B5A85}.Release|Any CPU.Build.0 = Release|Any CPU
		{50C43A18-CF5C-49AA-B8BD-09CC141DCFF2}.Debug|Any CPU.ActiveCfg = Debug|Any CPU
		{50C43A18-CF5C-49AA-B8BD-09CC141DCFF2}.Debug|Any CPU.Build.0 = Debug|Any CPU
		{50C43A18-CF5C-49AA-B8BD-09CC141DCFF2}.Release|Any CPU.ActiveCfg = Release|Any CPU
		{50C43A18-CF5C-49AA-B8BD-09CC141DCFF2}.Release|Any CPU.Build.0 = Release|Any CPU
		{7B6A31A5-A9CA-4605-8694-580E7E62DA98}.Debug|Any CPU.ActiveCfg = Debug|Any CPU
		{7B6A31A5-A9CA-4605-8694-580E7E62DA98}.Debug|Any CPU.Build.0 = Debug|Any CPU
		{7B6A31A5-A9CA-4605-8694-580E7E62DA98}.Release|Any CPU.ActiveCfg = Release|Any CPU
		{7B6A31A5-A9CA-4605-8694-580E7E62DA98}.Release|Any CPU.Build.0 = Release|Any CPU
		{C7793CCF-7461-4A3B-9485-31D463616472}.Debug|Any CPU.ActiveCfg = Debug|Any CPU
		{C7793CCF-7461-4A3B-9485-31D463616472}.Debug|Any CPU.Build.0 = Debug|Any CPU
		{C7793CCF-7461-4A3B-9485-31D463616472}.Release|Any CPU.ActiveCfg = Release|Any CPU
		{C7793CCF-7461-4A3B-9485-31D463616472}.Release|Any CPU.Build.0 = Release|Any CPU
		{E6E1A13B-5430-43AF-864D-7BDA94F3CF0C}.Debug|Any CPU.ActiveCfg = Debug|Any CPU
		{E6E1A13B-5430-43AF-864D-7BDA94F3CF0C}.Debug|Any CPU.Build.0 = Debug|Any CPU
		{E6E1A13B-5430-43AF-864D-7BDA94F3CF0C}.Release|Any CPU.ActiveCfg = Release|Any CPU
		{E6E1A13B-5430-43AF-864D-7BDA94F3CF0C}.Release|Any CPU.Build.0 = Release|Any CPU
		{F8D7EFE7-7F89-4123-821F-19E29C065206}.Debug|Any CPU.ActiveCfg = Debug|Any CPU
		{F8D7EFE7-7F89-4123-821F-19E29C065206}.Debug|Any CPU.Build.0 = Debug|Any CPU
		{F8D7EFE7-7F89-4123-821F-19E29C065206}.Release|Any CPU.ActiveCfg = Release|Any CPU
		{F8D7EFE7-7F89-4123-821F-19E29C065206}.Release|Any CPU.Build.0 = Release|Any CPU
		{24AF9581-A7DB-4F3F-B5C4-5A5618DF2B5E}.Debug|Any CPU.ActiveCfg = Debug|Any CPU
		{24AF9581-A7DB-4F3F-B5C4-5A5618DF2B5E}.Debug|Any CPU.Build.0 = Debug|Any CPU
		{24AF9581-A7DB-4F3F-B5C4-5A5618DF2B5E}.Release|Any CPU.ActiveCfg = Release|Any CPU
		{24AF9581-A7DB-4F3F-B5C4-5A5618DF2B5E}.Release|Any CPU.Build.0 = Release|Any CPU
		{4C4237B9-7620-458F-AE90-6132DB137956}.Debug|Any CPU.ActiveCfg = Debug|Any CPU
		{4C4237B9-7620-458F-AE90-6132DB137956}.Debug|Any CPU.Build.0 = Debug|Any CPU
		{4C4237B9-7620-458F-AE90-6132DB137956}.Release|Any CPU.ActiveCfg = Release|Any CPU
		{4C4237B9-7620-458F-AE90-6132DB137956}.Release|Any CPU.Build.0 = Release|Any CPU
		{92A0B6FA-A343-5977-7E28-7DD02FB1CC6E}.Debug|Any CPU.ActiveCfg = Debug|Any CPU
		{92A0B6FA-A343-5977-7E28-7DD02FB1CC6E}.Debug|Any CPU.Build.0 = Debug|Any CPU
		{92A0B6FA-A343-5977-7E28-7DD02FB1CC6E}.Release|Any CPU.ActiveCfg = Release|Any CPU
		{92A0B6FA-A343-5977-7E28-7DD02FB1CC6E}.Release|Any CPU.Build.0 = Release|Any CPU
		{2A06DABD-4FBC-9B20-1929-045CEECE4499}.Debug|Any CPU.ActiveCfg = Debug|Any CPU
		{2A06DABD-4FBC-9B20-1929-045CEECE4499}.Debug|Any CPU.Build.0 = Debug|Any CPU
		{2A06DABD-4FBC-9B20-1929-045CEECE4499}.Release|Any CPU.ActiveCfg = Release|Any CPU
		{2A06DABD-4FBC-9B20-1929-045CEECE4499}.Release|Any CPU.Build.0 = Release|Any CPU
		{25C5971A-97D3-56EC-AC4D-FEF0E4BCC4B7}.Debug|Any CPU.ActiveCfg = Debug|Any CPU
		{25C5971A-97D3-56EC-AC4D-FEF0E4BCC4B7}.Debug|Any CPU.Build.0 = Debug|Any CPU
		{25C5971A-97D3-56EC-AC4D-FEF0E4BCC4B7}.Release|Any CPU.ActiveCfg = Release|Any CPU
		{25C5971A-97D3-56EC-AC4D-FEF0E4BCC4B7}.Release|Any CPU.Build.0 = Release|Any CPU
		{BC62431B-325D-1BB0-F3CA-635ED248B89E}.Debug|Any CPU.ActiveCfg = Debug|Any CPU
		{BC62431B-325D-1BB0-F3CA-635ED248B89E}.Debug|Any CPU.Build.0 = Debug|Any CPU
		{BC62431B-325D-1BB0-F3CA-635ED248B89E}.Release|Any CPU.ActiveCfg = Release|Any CPU
		{BC62431B-325D-1BB0-F3CA-635ED248B89E}.Release|Any CPU.Build.0 = Release|Any CPU
		{47092AEB-0AF8-8234-57D6-D8563B2AAA47}.Debug|Any CPU.ActiveCfg = Debug|Any CPU
		{47092AEB-0AF8-8234-57D6-D8563B2AAA47}.Debug|Any CPU.Build.0 = Debug|Any CPU
		{47092AEB-0AF8-8234-57D6-D8563B2AAA47}.Release|Any CPU.ActiveCfg = Release|Any CPU
		{47092AEB-0AF8-8234-57D6-D8563B2AAA47}.Release|Any CPU.Build.0 = Release|Any CPU
		{3347798D-F843-8C19-FFC9-2EB29AA8900C}.Debug|Any CPU.ActiveCfg = Debug|Any CPU
		{3347798D-F843-8C19-FFC9-2EB29AA8900C}.Debug|Any CPU.Build.0 = Debug|Any CPU
		{3347798D-F843-8C19-FFC9-2EB29AA8900C}.Release|Any CPU.ActiveCfg = Release|Any CPU
		{3347798D-F843-8C19-FFC9-2EB29AA8900C}.Release|Any CPU.Build.0 = Release|Any CPU
		{F5AE4121-A77C-482E-DAE7-D69CB7039C14}.Debug|Any CPU.ActiveCfg = Debug|Any CPU
		{F5AE4121-A77C-482E-DAE7-D69CB7039C14}.Debug|Any CPU.Build.0 = Debug|Any CPU
		{F5AE4121-A77C-482E-DAE7-D69CB7039C14}.Release|Any CPU.ActiveCfg = Release|Any CPU
		{F5AE4121-A77C-482E-DAE7-D69CB7039C14}.Release|Any CPU.Build.0 = Release|Any CPU
		{43E1506E-376C-0810-F28A-FD01CD1AC033}.Debug|Any CPU.ActiveCfg = Debug|Any CPU
		{43E1506E-376C-0810-F28A-FD01CD1AC033}.Debug|Any CPU.Build.0 = Debug|Any CPU
		{43E1506E-376C-0810-F28A-FD01CD1AC033}.Release|Any CPU.ActiveCfg = Release|Any CPU
		{43E1506E-376C-0810-F28A-FD01CD1AC033}.Release|Any CPU.Build.0 = Release|Any CPU
		{24E5AFB8-6AD5-433E-B218-F17F7CFF48EB}.Debug|Any CPU.ActiveCfg = Debug|Any CPU
		{24E5AFB8-6AD5-433E-B218-F17F7CFF48EB}.Debug|Any CPU.Build.0 = Debug|Any CPU
		{24E5AFB8-6AD5-433E-B218-F17F7CFF48EB}.Release|Any CPU.ActiveCfg = Release|Any CPU
		{24E5AFB8-6AD5-433E-B218-F17F7CFF48EB}.Release|Any CPU.Build.0 = Release|Any CPU
	EndGlobalSection
	GlobalSection(SolutionProperties) = preSolution
		HideSolutionNode = FALSE
	EndGlobalSection
	GlobalSection(NestedProjects) = preSolution
		{EA14094F-FB55-5ABC-1402-B4229C4AD0B1} = {2A5D03BF-6B19-4F3F-BC4C-83BAC5AE50C1}
		{567B5466-2379-4935-89FA-C71B2031EC42} = {02EA681E-C7D8-13C7-8484-4AC65E1B71E8}
		{468959D0-CD94-4023-BD85-DF71B1F9A70B} = {02EA681E-C7D8-13C7-8484-4AC65E1B71E8}
		{4EE97816-BFF6-4754-94CE-9FE3382B75D3} = {02EA681E-C7D8-13C7-8484-4AC65E1B71E8}
		{B6191197-AEF0-4579-B474-3A1BDD28C60D} = {4EE97816-BFF6-4754-94CE-9FE3382B75D3}
		{2A6EFFF7-7C65-4DF5-8A11-771A89C3D504} = {4EE97816-BFF6-4754-94CE-9FE3382B75D3}
		{1586B124-FAA3-4D58-A087-750CA2C1CA54} = {4EE97816-BFF6-4754-94CE-9FE3382B75D3}
		{A31284D2-37C8-4A83-9B39-2C6782DB675E} = {02EA681E-C7D8-13C7-8484-4AC65E1B71E8}
		{3EA22076-7D27-4D50-B136-E42CFAB4D171} = {A31284D2-37C8-4A83-9B39-2C6782DB675E}
		{27135A54-8D1E-48E6-B874-80DB82B5D6F7} = {A31284D2-37C8-4A83-9B39-2C6782DB675E}
		{51D90715-33AD-4977-83A7-C4662D6B5A85} = {A31284D2-37C8-4A83-9B39-2C6782DB675E}
		{50C43A18-CF5C-49AA-B8BD-09CC141DCFF2} = {A31284D2-37C8-4A83-9B39-2C6782DB675E}
		{7B6A31A5-A9CA-4605-8694-580E7E62DA98} = {A31284D2-37C8-4A83-9B39-2C6782DB675E}
		{B04517A2-23E2-49F7-A530-3891DCC859A4} = {02EA681E-C7D8-13C7-8484-4AC65E1B71E8}
		{C7793CCF-7461-4A3B-9485-31D463616472} = {F7D81FFD-CED4-4372-818A-82E552AD9DBD}
		{E6E1A13B-5430-43AF-864D-7BDA94F3CF0C} = {F7D81FFD-CED4-4372-818A-82E552AD9DBD}
		{F7D63776-4E7D-4824-8E42-728ED9DE5FF2} = {02EA681E-C7D8-13C7-8484-4AC65E1B71E8}
		{F8D7EFE7-7F89-4123-821F-19E29C065206} = {F7D63776-4E7D-4824-8E42-728ED9DE5FF2}
		{24AF9581-A7DB-4F3F-B5C4-5A5618DF2B5E} = {1ABD799D-4242-4290-BC28-622BB7D30A56}
		{14A48B4B-0FAD-484E-A200-909DBED453AE} = {02EA681E-C7D8-13C7-8484-4AC65E1B71E8}
		{E0135582-ECA2-464C-BC1D-25145A813ACE} = {02EA681E-C7D8-13C7-8484-4AC65E1B71E8}
		{4C4237B9-7620-458F-AE90-6132DB137956} = {E0135582-ECA2-464C-BC1D-25145A813ACE}
		{92A0B6FA-A343-5977-7E28-7DD02FB1CC6E} = {468959D0-CD94-4023-BD85-DF71B1F9A70B}
		{2A06DABD-4FBC-9B20-1929-045CEECE4499} = {B04517A2-23E2-49F7-A530-3891DCC859A4}
		{25C5971A-97D3-56EC-AC4D-FEF0E4BCC4B7} = {567B5466-2379-4935-89FA-C71B2031EC42}
		{BC62431B-325D-1BB0-F3CA-635ED248B89E} = {14A48B4B-0FAD-484E-A200-909DBED453AE}
		{47092AEB-0AF8-8234-57D6-D8563B2AAA47} = {2A6EFFF7-7C65-4DF5-8A11-771A89C3D504}
		{3347798D-F843-8C19-FFC9-2EB29AA8900C} = {2A6EFFF7-7C65-4DF5-8A11-771A89C3D504}
		{F5AE4121-A77C-482E-DAE7-D69CB7039C14} = {B6191197-AEF0-4579-B474-3A1BDD28C60D}
		{43E1506E-376C-0810-F28A-FD01CD1AC033} = {1586B124-FAA3-4D58-A087-750CA2C1CA54}
		{6F10DCFC-38B3-47E9-9726-93D1512E3DA8} = {02EA681E-C7D8-13C7-8484-4AC65E1B71E8}
		{24E5AFB8-6AD5-433E-B218-F17F7CFF48EB} = {6F10DCFC-38B3-47E9-9726-93D1512E3DA8}
	EndGlobalSection
	GlobalSection(ExtensibilityGlobals) = postSolution
		SolutionGuid = {2C0159D9-B829-4B3E-9CE6-60558D3457A1}
	EndGlobalSection
EndGlobal
